// !$*UTF8*$!
{
	archiveVersion = 1;
	classes = {
	};
	objectVersion = 56;
	objects = {

/* Begin PBXBuildFile section */
		4335A0A22AE91290003C53D5 /* TraviaBackgroundView.swift in Sources */ = {isa = PBXBuildFile; fileRef = 4335A0A12AE91290003C53D5 /* TraviaBackgroundView.swift */; };
		43B4DEF02ADC7A77000E4C18 /* InputBox.swift in Sources */ = {isa = PBXBuildFile; fileRef = 43B4DEEF2ADC7A77000E4C18 /* InputBox.swift */; };
		43DF6CF52ADC5B8D00DEDD3A /* AppDelegate.swift in Sources */ = {isa = PBXBuildFile; fileRef = 43DF6CF42ADC5B8D00DEDD3A /* AppDelegate.swift */; };
		43DF6CF72ADC5B8D00DEDD3A /* SceneDelegate.swift in Sources */ = {isa = PBXBuildFile; fileRef = 43DF6CF62ADC5B8D00DEDD3A /* SceneDelegate.swift */; };
		43DF6CF92ADC5B8D00DEDD3A /* LoginVc.swift in Sources */ = {isa = PBXBuildFile; fileRef = 43DF6CF82ADC5B8D00DEDD3A /* LoginVc.swift */; };
		43DF6CFE2ADC5B8E00DEDD3A /* Assets.xcassets in Resources */ = {isa = PBXBuildFile; fileRef = 43DF6CFD2ADC5B8E00DEDD3A /* Assets.xcassets */; };
		43DF6D012ADC5B8E00DEDD3A /* LaunchScreen.storyboard in Resources */ = {isa = PBXBuildFile; fileRef = 43DF6CFF2ADC5B8E00DEDD3A /* LaunchScreen.storyboard */; };
		43DF6D092ADC5BCD00DEDD3A /* Extensions.swift in Sources */ = {isa = PBXBuildFile; fileRef = 43DF6D082ADC5BCD00DEDD3A /* Extensions.swift */; };
		43DF6D0C2ADC5BE900DEDD3A /* TinyConstraints in Frameworks */ = {isa = PBXBuildFile; productRef = 43DF6D0B2ADC5BE900DEDD3A /* TinyConstraints */; };
		43DF6D0F2ADC5BF900DEDD3A /* SnapKit in Frameworks */ = {isa = PBXBuildFile; productRef = 43DF6D0E2ADC5BF900DEDD3A /* SnapKit */; };
		43DF6D112ADC5BF900DEDD3A /* SnapKit-Dynamic in Frameworks */ = {isa = PBXBuildFile; productRef = 43DF6D102ADC5BF900DEDD3A /* SnapKit-Dynamic */; };
/* End PBXBuildFile section */

/* Begin PBXFileReference section */
		4335A0A12AE91290003C53D5 /* TraviaBackgroundView.swift */ = {isa = PBXFileReference; lastKnownFileType = sourcecode.swift; path = TraviaBackgroundView.swift; sourceTree = "<group>"; };
		43B4DEEF2ADC7A77000E4C18 /* InputBox.swift */ = {isa = PBXFileReference; lastKnownFileType = sourcecode.swift; path = InputBox.swift; sourceTree = "<group>"; };
		43DF6CF12ADC5B8D00DEDD3A /* travioapp.app */ = {isa = PBXFileReference; explicitFileType = wrapper.application; includeInIndex = 0; path = travioapp.app; sourceTree = BUILT_PRODUCTS_DIR; };
		43DF6CF42ADC5B8D00DEDD3A /* AppDelegate.swift */ = {isa = PBXFileReference; lastKnownFileType = sourcecode.swift; path = AppDelegate.swift; sourceTree = "<group>"; };
		43DF6CF62ADC5B8D00DEDD3A /* SceneDelegate.swift */ = {isa = PBXFileReference; lastKnownFileType = sourcecode.swift; path = SceneDelegate.swift; sourceTree = "<group>"; };
		43DF6CF82ADC5B8D00DEDD3A /* LoginVc.swift */ = {isa = PBXFileReference; lastKnownFileType = sourcecode.swift; path = LoginVc.swift; sourceTree = "<group>"; };
		43DF6CFD2ADC5B8E00DEDD3A /* Assets.xcassets */ = {isa = PBXFileReference; lastKnownFileType = folder.assetcatalog; path = Assets.xcassets; sourceTree = "<group>"; };
		43DF6D002ADC5B8E00DEDD3A /* Base */ = {isa = PBXFileReference; lastKnownFileType = file.storyboard; name = Base; path = Base.lproj/LaunchScreen.storyboard; sourceTree = "<group>"; };
		43DF6D022ADC5B8E00DEDD3A /* Info.plist */ = {isa = PBXFileReference; lastKnownFileType = text.plist.xml; path = Info.plist; sourceTree = "<group>"; };
		43DF6D082ADC5BCD00DEDD3A /* Extensions.swift */ = {isa = PBXFileReference; lastKnownFileType = sourcecode.swift; path = Extensions.swift; sourceTree = "<group>"; };
/* End PBXFileReference section */

/* Begin PBXFrameworksBuildPhase section */
		43DF6CEE2ADC5B8D00DEDD3A /* Frameworks */ = {
			isa = PBXFrameworksBuildPhase;
			buildActionMask = 2147483647;
			files = (
				43DF6D0C2ADC5BE900DEDD3A /* TinyConstraints in Frameworks */,
				43DF6D0F2ADC5BF900DEDD3A /* SnapKit in Frameworks */,
				43DF6D112ADC5BF900DEDD3A /* SnapKit-Dynamic in Frameworks */,
			);
			runOnlyForDeploymentPostprocessing = 0;
		};
/* End PBXFrameworksBuildPhase section */

/* Begin PBXGroup section */
		4335A09E2AE91210003C53D5 /* Screens */ = {
			isa = PBXGroup;
			children = (
				4335A0A12AE91290003C53D5 /* TraviaBackgroundView.swift */,
			);
			path = Screens;
			sourceTree = "<group>";
		};
		43DF6CE82ADC5B8D00DEDD3A = {
			isa = PBXGroup;
			children = (
				43DF6CF32ADC5B8D00DEDD3A /* travioapp */,
				43DF6CF22ADC5B8D00DEDD3A /* Products */,
			);
			sourceTree = "<group>";
		};
		43DF6CF22ADC5B8D00DEDD3A /* Products */ = {
			isa = PBXGroup;
			children = (
				43DF6CF12ADC5B8D00DEDD3A /* travioapp.app */,
			);
			name = Products;
			sourceTree = "<group>";
		};
		43DF6CF32ADC5B8D00DEDD3A /* travioapp */ = {
			isa = PBXGroup;
			children = (
				4335A09E2AE91210003C53D5 /* Screens */,
				43DF6CF42ADC5B8D00DEDD3A /* AppDelegate.swift */,
				43DF6CF62ADC5B8D00DEDD3A /* SceneDelegate.swift */,
				43DF6CF82ADC5B8D00DEDD3A /* LoginVc.swift */,
				43DF6CFD2ADC5B8E00DEDD3A /* Assets.xcassets */,
				43DF6CFF2ADC5B8E00DEDD3A /* LaunchScreen.storyboard */,
				43DF6D022ADC5B8E00DEDD3A /* Info.plist */,
				43DF6D082ADC5BCD00DEDD3A /* Extensions.swift */,
				43B4DEEF2ADC7A77000E4C18 /* InputBox.swift */,
			);
			path = travioapp;
			sourceTree = "<group>";
		};
/* End PBXGroup section */

/* Begin PBXNativeTarget section */
		43DF6CF02ADC5B8D00DEDD3A /* travioapp */ = {
			isa = PBXNativeTarget;
			buildConfigurationList = 43DF6D052ADC5B8E00DEDD3A /* Build configuration list for PBXNativeTarget "travioapp" */;
			buildPhases = (
				43DF6CED2ADC5B8D00DEDD3A /* Sources */,
				43DF6CEE2ADC5B8D00DEDD3A /* Frameworks */,
				43DF6CEF2ADC5B8D00DEDD3A /* Resources */,
			);
			buildRules = (
			);
			dependencies = (
			);
			name = travioapp;
			packageProductDependencies = (
				43DF6D0B2ADC5BE900DEDD3A /* TinyConstraints */,
				43DF6D0E2ADC5BF900DEDD3A /* SnapKit */,
				43DF6D102ADC5BF900DEDD3A /* SnapKit-Dynamic */,
			);
			productName = travioapp;
			productReference = 43DF6CF12ADC5B8D00DEDD3A /* travioapp.app */;
			productType = "com.apple.product-type.application";
		};
/* End PBXNativeTarget section */

/* Begin PBXProject section */
		43DF6CE92ADC5B8D00DEDD3A /* Project object */ = {
			isa = PBXProject;
			attributes = {
				BuildIndependentTargetsInParallel = 1;
				LastSwiftUpdateCheck = 1500;
				LastUpgradeCheck = 1500;
				TargetAttributes = {
					43DF6CF02ADC5B8D00DEDD3A = {
						CreatedOnToolsVersion = 15.0;
					};
				};
			};
			buildConfigurationList = 43DF6CEC2ADC5B8D00DEDD3A /* Build configuration list for PBXProject "travioapp" */;
			compatibilityVersion = "Xcode 14.0";
			developmentRegion = en;
			hasScannedForEncodings = 0;
			knownRegions = (
				en,
				Base,
			);
			mainGroup = 43DF6CE82ADC5B8D00DEDD3A;
			packageReferences = (
				43DF6D0A2ADC5BE900DEDD3A /* XCRemoteSwiftPackageReference "TinyConstraints" */,
				43DF6D0D2ADC5BF900DEDD3A /* XCRemoteSwiftPackageReference "SnapKit" */,
			);
			productRefGroup = 43DF6CF22ADC5B8D00DEDD3A /* Products */;
			projectDirPath = "";
			projectRoot = "";
			targets = (
				43DF6CF02ADC5B8D00DEDD3A /* travioapp */,
			);
		};
/* End PBXProject section */

/* Begin PBXResourcesBuildPhase section */
		43DF6CEF2ADC5B8D00DEDD3A /* Resources */ = {
			isa = PBXResourcesBuildPhase;
			buildActionMask = 2147483647;
			files = (
				43DF6D012ADC5B8E00DEDD3A /* LaunchScreen.storyboard in Resources */,
				43DF6CFE2ADC5B8E00DEDD3A /* Assets.xcassets in Resources */,
			);
			runOnlyForDeploymentPostprocessing = 0;
		};
/* End PBXResourcesBuildPhase section */

/* Begin PBXSourcesBuildPhase section */
		43DF6CED2ADC5B8D00DEDD3A /* Sources */ = {
			isa = PBXSourcesBuildPhase;
			buildActionMask = 2147483647;
			files = (
				43DF6CF92ADC5B8D00DEDD3A /* LoginVc.swift in Sources */,
				43DF6CF52ADC5B8D00DEDD3A /* AppDelegate.swift in Sources */,
				43DF6CF72ADC5B8D00DEDD3A /* SceneDelegate.swift in Sources */,
				43DF6D092ADC5BCD00DEDD3A /* Extensions.swift in Sources */,
				43B4DEF02ADC7A77000E4C18 /* InputBox.swift in Sources */,
				4335A0A22AE91290003C53D5 /* TraviaBackgroundView.swift in Sources */,
			);
			runOnlyForDeploymentPostprocessing = 0;
		};
/* End PBXSourcesBuildPhase section */

/* Begin PBXVariantGroup section */
		43DF6CFF2ADC5B8E00DEDD3A /* LaunchScreen.storyboard */ = {
			isa = PBXVariantGroup;
			children = (
				43DF6D002ADC5B8E00DEDD3A /* Base */,
			);
			name = LaunchScreen.storyboard;
			sourceTree = "<group>";
		};
/* End PBXVariantGroup section */

/* Begin XCBuildConfiguration section */
		43DF6D032ADC5B8E00DEDD3A /* Debug */ = {
			isa = XCBuildConfiguration;
			buildSettings = {
				ALWAYS_SEARCH_USER_PATHS = NO;
				ASSETCATALOG_COMPILER_GENERATE_SWIFT_ASSET_SYMBOL_EXTENSIONS = YES;
				CLANG_ANALYZER_NONNULL = YES;
				CLANG_ANALYZER_NUMBER_OBJECT_CONVERSION = YES_AGGRESSIVE;
				CLANG_CXX_LANGUAGE_STANDARD = "gnu++20";
				CLANG_ENABLE_MODULES = YES;
				CLANG_ENABLE_OBJC_ARC = YES;
				CLANG_ENABLE_OBJC_WEAK = YES;
				CLANG_WARN_BLOCK_CAPTURE_AUTORELEASING = YES;
				CLANG_WARN_BOOL_CONVERSION = YES;
				CLANG_WARN_COMMA = YES;
				CLANG_WARN_CONSTANT_CONVERSION = YES;
				CLANG_WARN_DEPRECATED_OBJC_IMPLEMENTATIONS = YES;
				CLANG_WARN_DIRECT_OBJC_ISA_USAGE = YES_ERROR;
				CLANG_WARN_DOCUMENTATION_COMMENTS = YES;
				CLANG_WARN_EMPTY_BODY = YES;
				CLANG_WARN_ENUM_CONVERSION = YES;
				CLANG_WARN_INFINITE_RECURSION = YES;
				CLANG_WARN_INT_CONVERSION = YES;
				CLANG_WARN_NON_LITERAL_NULL_CONVERSION = YES;
				CLANG_WARN_OBJC_IMPLICIT_RETAIN_SELF = YES;
				CLANG_WARN_OBJC_LITERAL_CONVERSION = YES;
				CLANG_WARN_OBJC_ROOT_CLASS = YES_ERROR;
				CLANG_WARN_QUOTED_INCLUDE_IN_FRAMEWORK_HEADER = YES;
				CLANG_WARN_RANGE_LOOP_ANALYSIS = YES;
				CLANG_WARN_STRICT_PROTOTYPES = YES;
				CLANG_WARN_SUSPICIOUS_MOVE = YES;
				CLANG_WARN_UNGUARDED_AVAILABILITY = YES_AGGRESSIVE;
				CLANG_WARN_UNREACHABLE_CODE = YES;
				CLANG_WARN__DUPLICATE_METHOD_MATCH = YES;
				COPY_PHASE_STRIP = NO;
				DEBUG_INFORMATION_FORMAT = dwarf;
				ENABLE_STRICT_OBJC_MSGSEND = YES;
				ENABLE_TESTABILITY = YES;
				ENABLE_USER_SCRIPT_SANDBOXING = YES;
				GCC_C_LANGUAGE_STANDARD = gnu17;
				GCC_DYNAMIC_NO_PIC = NO;
				GCC_NO_COMMON_BLOCKS = YES;
				GCC_OPTIMIZATION_LEVEL = 0;
				GCC_PREPROCESSOR_DEFINITIONS = (
					"DEBUG=1",
					"$(inherited)",
				);
				GCC_WARN_64_TO_32_BIT_CONVERSION = YES;
				GCC_WARN_ABOUT_RETURN_TYPE = YES_ERROR;
				GCC_WARN_UNDECLARED_SELECTOR = YES;
				GCC_WARN_UNINITIALIZED_AUTOS = YES_AGGRESSIVE;
				GCC_WARN_UNUSED_FUNCTION = YES;
				GCC_WARN_UNUSED_VARIABLE = YES;
				IPHONEOS_DEPLOYMENT_TARGET = 17.0;
				LOCALIZATION_PREFERS_STRING_CATALOGS = YES;
				MTL_ENABLE_DEBUG_INFO = INCLUDE_SOURCE;
				MTL_FAST_MATH = YES;
				ONLY_ACTIVE_ARCH = YES;
				SDKROOT = iphoneos;
				SWIFT_ACTIVE_COMPILATION_CONDITIONS = "DEBUG $(inherited)";
				SWIFT_OPTIMIZATION_LEVEL = "-Onone";
			};
			name = Debug;
		};
		43DF6D042ADC5B8E00DEDD3A /* Release */ = {
			isa = XCBuildConfiguration;
			buildSettings = {
				ALWAYS_SEARCH_USER_PATHS = NO;
				ASSETCATALOG_COMPILER_GENERATE_SWIFT_ASSET_SYMBOL_EXTENSIONS = YES;
				CLANG_ANALYZER_NONNULL = YES;
				CLANG_ANALYZER_NUMBER_OBJECT_CONVERSION = YES_AGGRESSIVE;
				CLANG_CXX_LANGUAGE_STANDARD = "gnu++20";
				CLANG_ENABLE_MODULES = YES;
				CLANG_ENABLE_OBJC_ARC = YES;
				CLANG_ENABLE_OBJC_WEAK = YES;
				CLANG_WARN_BLOCK_CAPTURE_AUTORELEASING = YES;
				CLANG_WARN_BOOL_CONVERSION = YES;
				CLANG_WARN_COMMA = YES;
				CLANG_WARN_CONSTANT_CONVERSION = YES;
				CLANG_WARN_DEPRECATED_OBJC_IMPLEMENTATIONS = YES;
				CLANG_WARN_DIRECT_OBJC_ISA_USAGE = YES_ERROR;
				CLANG_WARN_DOCUMENTATION_COMMENTS = YES;
				CLANG_WARN_EMPTY_BODY = YES;
				CLANG_WARN_ENUM_CONVERSION = YES;
				CLANG_WARN_INFINITE_RECURSION = YES;
				CLANG_WARN_INT_CONVERSION = YES;
				CLANG_WARN_NON_LITERAL_NULL_CONVERSION = YES;
				CLANG_WARN_OBJC_IMPLICIT_RETAIN_SELF = YES;
				CLANG_WARN_OBJC_LITERAL_CONVERSION = YES;
				CLANG_WARN_OBJC_ROOT_CLASS = YES_ERROR;
				CLANG_WARN_QUOTED_INCLUDE_IN_FRAMEWORK_HEADER = YES;
				CLANG_WARN_RANGE_LOOP_ANALYSIS = YES;
				CLANG_WARN_STRICT_PROTOTYPES = YES;
				CLANG_WARN_SUSPICIOUS_MOVE = YES;
				CLANG_WARN_UNGUARDED_AVAILABILITY = YES_AGGRESSIVE;
				CLANG_WARN_UNREACHABLE_CODE = YES;
				CLANG_WARN__DUPLICATE_METHOD_MATCH = YES;
				COPY_PHASE_STRIP = NO;
				DEBUG_INFORMATION_FORMAT = "dwarf-with-dsym";
				ENABLE_NS_ASSERTIONS = NO;
				ENABLE_STRICT_OBJC_MSGSEND = YES;
				ENABLE_USER_SCRIPT_SANDBOXING = YES;
				GCC_C_LANGUAGE_STANDARD = gnu17;
				GCC_NO_COMMON_BLOCKS = YES;
				GCC_WARN_64_TO_32_BIT_CONVERSION = YES;
				GCC_WARN_ABOUT_RETURN_TYPE = YES_ERROR;
				GCC_WARN_UNDECLARED_SELECTOR = YES;
				GCC_WARN_UNINITIALIZED_AUTOS = YES_AGGRESSIVE;
				GCC_WARN_UNUSED_FUNCTION = YES;
				GCC_WARN_UNUSED_VARIABLE = YES;
				IPHONEOS_DEPLOYMENT_TARGET = 17.0;
				LOCALIZATION_PREFERS_STRING_CATALOGS = YES;
				MTL_ENABLE_DEBUG_INFO = NO;
				MTL_FAST_MATH = YES;
				SDKROOT = iphoneos;
				SWIFT_COMPILATION_MODE = wholemodule;
				VALIDATE_PRODUCT = YES;
			};
			name = Release;
		};
		43DF6D062ADC5B8E00DEDD3A /* Debug */ = {
			isa = XCBuildConfiguration;
			buildSettings = {
				ASSETCATALOG_COMPILER_APPICON_NAME = AppIcon;
				ASSETCATALOG_COMPILER_GLOBAL_ACCENT_COLOR_NAME = AccentColor;
				CODE_SIGN_STYLE = Automatic;
				CURRENT_PROJECT_VERSION = 1;
				DEVELOPMENT_TEAM = 8VWYJSRAFX;
				GENERATE_INFOPLIST_FILE = YES;
				INFOPLIST_FILE = travioapp/Info.plist;
				INFOPLIST_KEY_LSApplicationCategoryType = "";
				INFOPLIST_KEY_UIApplicationSupportsIndirectInputEvents = YES;
				INFOPLIST_KEY_UILaunchStoryboardName = LaunchScreen;
				INFOPLIST_KEY_UISupportedInterfaceOrientations_iPad = "UIInterfaceOrientationPortrait UIInterfaceOrientationPortraitUpsideDown UIInterfaceOrientationLandscapeLeft UIInterfaceOrientationLandscapeRight";
				INFOPLIST_KEY_UISupportedInterfaceOrientations_iPhone = "UIInterfaceOrientationPortrait UIInterfaceOrientationLandscapeLeft UIInterfaceOrientationLandscapeRight";
				LD_RUNPATH_SEARCH_PATHS = (
					"$(inherited)",
					"@executable_path/Frameworks",
				);
				MARKETING_VERSION = 1.0;
				PRODUCT_BUNDLE_IDENTIFIER = com.bilgeadam.travioapp;
				PRODUCT_NAME = "$(TARGET_NAME)";
				SWIFT_EMIT_LOC_STRINGS = YES;
				SWIFT_VERSION = 5.0;
				TARGETED_DEVICE_FAMILY = "1,2";
			};
			name = Debug;
		};
		43DF6D072ADC5B8E00DEDD3A /* Release */ = {
			isa = XCBuildConfiguration;
			buildSettings = {
				ASSETCATALOG_COMPILER_APPICON_NAME = AppIcon;
				ASSETCATALOG_COMPILER_GLOBAL_ACCENT_COLOR_NAME = AccentColor;
				CODE_SIGN_STYLE = Automatic;
				CURRENT_PROJECT_VERSION = 1;
				DEVELOPMENT_TEAM = 8VWYJSRAFX;
				GENERATE_INFOPLIST_FILE = YES;
				INFOPLIST_FILE = travioapp/Info.plist;
				INFOPLIST_KEY_LSApplicationCategoryType = "";
				INFOPLIST_KEY_UIApplicationSupportsIndirectInputEvents = YES;
				INFOPLIST_KEY_UILaunchStoryboardName = LaunchScreen;
				INFOPLIST_KEY_UISupportedInterfaceOrientations_iPad = "UIInterfaceOrientationPortrait UIInterfaceOrientationPortraitUpsideDown UIInterfaceOrientationLandscapeLeft UIInterfaceOrientationLandscapeRight";
				INFOPLIST_KEY_UISupportedInterfaceOrientations_iPhone = "UIInterfaceOrientationPortrait UIInterfaceOrientationLandscapeLeft UIInterfaceOrientationLandscapeRight";
				LD_RUNPATH_SEARCH_PATHS = (
					"$(inherited)",
					"@executable_path/Frameworks",
				);
				MARKETING_VERSION = 1.0;
				PRODUCT_BUNDLE_IDENTIFIER = com.bilgeadam.travioapp;
				PRODUCT_NAME = "$(TARGET_NAME)";
				SWIFT_EMIT_LOC_STRINGS = YES;
				SWIFT_VERSION = 5.0;
				TARGETED_DEVICE_FAMILY = "1,2";
			};
			name = Release;
		};
/* End XCBuildConfiguration section */

/* Begin XCConfigurationList section */
		43DF6CEC2ADC5B8D00DEDD3A /* Build configuration list for PBXProject "travioapp" */ = {
			isa = XCConfigurationList;
			buildConfigurations = (
				43DF6D032ADC5B8E00DEDD3A /* Debug */,
				43DF6D042ADC5B8E00DEDD3A /* Release */,
			);
			defaultConfigurationIsVisible = 0;
			defaultConfigurationName = Release;
		};
		43DF6D052ADC5B8E00DEDD3A /* Build configuration list for PBXNativeTarget "travioapp" */ = {
			isa = XCConfigurationList;
			buildConfigurations = (
				43DF6D062ADC5B8E00DEDD3A /* Debug */,
				43DF6D072ADC5B8E00DEDD3A /* Release */,
			);
			defaultConfigurationIsVisible = 0;
			defaultConfigurationName = Release;
		};
/* End XCConfigurationList section */

/* Begin XCRemoteSwiftPackageReference section */
		43DF6D0A2ADC5BE900DEDD3A /* XCRemoteSwiftPackageReference "TinyConstraints" */ = {
			isa = XCRemoteSwiftPackageReference;
			repositoryURL = "https://github.com/roberthein/TinyConstraints.git";
			requirement = {
				kind = upToNextMajorVersion;
				minimumVersion = 4.0.2;
			};
		};
		43DF6D0D2ADC5BF900DEDD3A /* XCRemoteSwiftPackageReference "SnapKit" */ = {
			isa = XCRemoteSwiftPackageReference;
			repositoryURL = "https://github.com/SnapKit/SnapKit.git";
			requirement = {
				kind = upToNextMajorVersion;
				minimumVersion = 5.6.0;
			};
		};
/* End XCRemoteSwiftPackageReference section */

/* Begin XCSwiftPackageProductDependency section */
		43DF6D0B2ADC5BE900DEDD3A /* TinyConstraints */ = {
			isa = XCSwiftPackageProductDependency;
			package = 43DF6D0A2ADC5BE900DEDD3A /* XCRemoteSwiftPackageReference "TinyConstraints" */;
			productName = TinyConstraints;
		};
		43DF6D0E2ADC5BF900DEDD3A /* SnapKit */ = {
			isa = XCSwiftPackageProductDependency;
			package = 43DF6D0D2ADC5BF900DEDD3A /* XCRemoteSwiftPackageReference "SnapKit" */;
			productName = SnapKit;
		};
		43DF6D102ADC5BF900DEDD3A /* SnapKit-Dynamic */ = {
			isa = XCSwiftPackageProductDependency;
			package = 43DF6D0D2ADC5BF900DEDD3A /* XCRemoteSwiftPackageReference "SnapKit" */;
			productName = "SnapKit-Dynamic";
		};
/* End XCSwiftPackageProductDependency section */
	};
	rootObject = 43DF6CE92ADC5B8D00DEDD3A /* Project object */;
}
