// !$*UTF8*$!
{
	archiveVersion = 1;
	classes = {
	};
	objectVersion = 56;
	objects = {

/* Begin PBXBuildFile section */
		3513FF102AEDA24E004550D0 /* Rectangle 1.png in Resources */ = {isa = PBXBuildFile; fileRef = 3513FF0F2AEDA24E004550D0 /* Rectangle 1.png */; };
		3518A6A32AEBC6FF00357E9E /* MyVisits.swift in Sources */ = {isa = PBXBuildFile; fileRef = 3518A6A22AEBC6FF00357E9E /* MyVisits.swift */; };
		3518A6A52AEBC71B00357E9E /* MyVisitsCell.swift in Sources */ = {isa = PBXBuildFile; fileRef = 3518A6A42AEBC71B00357E9E /* MyVisitsCell.swift */; };
		3518A6A72AEBC74000357E9E /* MyVisitsTableView.swift in Sources */ = {isa = PBXBuildFile; fileRef = 3518A6A62AEBC74000357E9E /* MyVisitsTableView.swift */; };
		3518A6A92AEBC75F00357E9E /* MyVisitsViewModel.swift in Sources */ = {isa = PBXBuildFile; fileRef = 3518A6A82AEBC75F00357E9E /* MyVisitsViewModel.swift */; };
		3569A7672AE96486007E53B6 /* SignUpVC.swift in Sources */ = {isa = PBXBuildFile; fileRef = 3569A7662AE96486007E53B6 /* SignUpVC.swift */; };
		359024682AEC10800060D6C9 /* Vector.svg in Resources */ = {isa = PBXBuildFile; fileRef = 359024672AEC10800060D6C9 /* Vector.svg */; };
		35B2D1182AE990F200FD61EF /* Register.swift in Sources */ = {isa = PBXBuildFile; fileRef = 35B2D1172AE990F200FD61EF /* Register.swift */; };
		35B2D11A2AE9911400FD61EF /* BaseResponse.swift in Sources */ = {isa = PBXBuildFile; fileRef = 35B2D1192AE9911400FD61EF /* BaseResponse.swift */; };
		35B2D11F2AEA4BF000FD61EF /* SignUpViewModel.swift in Sources */ = {isa = PBXBuildFile; fileRef = 35B2D11E2AEA4BF000FD61EF /* SignUpViewModel.swift */; };
		4300A4012AEA4BE20011B846 /* UserToken.swift in Sources */ = {isa = PBXBuildFile; fileRef = 4300A4002AEA4BE20011B846 /* UserToken.swift */; };
		4354F2882AE926E60002D438 /* Alamofire in Frameworks */ = {isa = PBXBuildFile; productRef = 4354F2872AE926E60002D438 /* Alamofire */; };
		4354F28D2AE92CB80002D438 /* User.swift in Sources */ = {isa = PBXBuildFile; fileRef = 4354F28C2AE92CB80002D438 /* User.swift */; };
		4354F28F2AE92E0C0002D438 /* Router.swift in Sources */ = {isa = PBXBuildFile; fileRef = 4354F28E2AE92E0C0002D438 /* Router.swift */; };
		4354F2912AE92E610002D438 /* NetworkingHelper.swift in Sources */ = {isa = PBXBuildFile; fileRef = 4354F2902AE92E610002D438 /* NetworkingHelper.swift */; };
		4354F2932AE92F9E0002D438 /* LoginViewModel.swift in Sources */ = {isa = PBXBuildFile; fileRef = 4354F2922AE92F9E0002D438 /* LoginViewModel.swift */; };
		435DD3472AEF817900BFA41F /* Visits.swift in Sources */ = {isa = PBXBuildFile; fileRef = 435DD3462AEF817900BFA41F /* Visits.swift */; };
		435DD35F2AEF8C4000BFA41F /* Poppins-ThinItalic.ttf in Resources */ = {isa = PBXBuildFile; fileRef = 435DD34C2AEF8C3F00BFA41F /* Poppins-ThinItalic.ttf */; };
		435DD3602AEF8C4000BFA41F /* Poppins-LightItalic.ttf in Resources */ = {isa = PBXBuildFile; fileRef = 435DD34D2AEF8C3F00BFA41F /* Poppins-LightItalic.ttf */; };
		435DD3612AEF8C4000BFA41F /* Poppins-ExtraLight.ttf in Resources */ = {isa = PBXBuildFile; fileRef = 435DD34E2AEF8C3F00BFA41F /* Poppins-ExtraLight.ttf */; };
		435DD3622AEF8C4000BFA41F /* Poppins-ExtraBoldItalic.ttf in Resources */ = {isa = PBXBuildFile; fileRef = 435DD34F2AEF8C3F00BFA41F /* Poppins-ExtraBoldItalic.ttf */; };
		435DD3632AEF8C4000BFA41F /* Poppins-ExtraLightItalic.ttf in Resources */ = {isa = PBXBuildFile; fileRef = 435DD3502AEF8C3F00BFA41F /* Poppins-ExtraLightItalic.ttf */; };
		435DD3642AEF8C4000BFA41F /* Poppins-BlackItalic.ttf in Resources */ = {isa = PBXBuildFile; fileRef = 435DD3512AEF8C4000BFA41F /* Poppins-BlackItalic.ttf */; };
		435DD3652AEF8C4000BFA41F /* Poppins-SemiBoldItalic.ttf in Resources */ = {isa = PBXBuildFile; fileRef = 435DD3522AEF8C4000BFA41F /* Poppins-SemiBoldItalic.ttf */; };
		435DD3662AEF8C4000BFA41F /* Poppins-Regular.ttf in Resources */ = {isa = PBXBuildFile; fileRef = 435DD3532AEF8C4000BFA41F /* Poppins-Regular.ttf */; };
		435DD3672AEF8C4000BFA41F /* Poppins-Black.ttf in Resources */ = {isa = PBXBuildFile; fileRef = 435DD3542AEF8C4000BFA41F /* Poppins-Black.ttf */; };
		435DD3682AEF8C4000BFA41F /* Poppins-Thin.ttf in Resources */ = {isa = PBXBuildFile; fileRef = 435DD3552AEF8C4000BFA41F /* Poppins-Thin.ttf */; };
		435DD3692AEF8C4000BFA41F /* Poppins-SemiBold.ttf in Resources */ = {isa = PBXBuildFile; fileRef = 435DD3562AEF8C4000BFA41F /* Poppins-SemiBold.ttf */; };
		435DD36A2AEF8C4000BFA41F /* Poppins-Light.ttf in Resources */ = {isa = PBXBuildFile; fileRef = 435DD3572AEF8C4000BFA41F /* Poppins-Light.ttf */; };
		435DD36B2AEF8C4000BFA41F /* OFL.txt in Resources */ = {isa = PBXBuildFile; fileRef = 435DD3582AEF8C4000BFA41F /* OFL.txt */; };
		435DD36C2AEF8C4000BFA41F /* Poppins-BoldItalic.ttf in Resources */ = {isa = PBXBuildFile; fileRef = 435DD3592AEF8C4000BFA41F /* Poppins-BoldItalic.ttf */; };
		435DD36D2AEF8C4000BFA41F /* Poppins-Medium.ttf in Resources */ = {isa = PBXBuildFile; fileRef = 435DD35A2AEF8C4000BFA41F /* Poppins-Medium.ttf */; };
		435DD36E2AEF8C4000BFA41F /* Poppins-ExtraBold.ttf in Resources */ = {isa = PBXBuildFile; fileRef = 435DD35B2AEF8C4000BFA41F /* Poppins-ExtraBold.ttf */; };
		435DD36F2AEF8C4000BFA41F /* Poppins-MediumItalic.ttf in Resources */ = {isa = PBXBuildFile; fileRef = 435DD35C2AEF8C4000BFA41F /* Poppins-MediumItalic.ttf */; };
		435DD3702AEF8C4000BFA41F /* Poppins-Italic.ttf in Resources */ = {isa = PBXBuildFile; fileRef = 435DD35D2AEF8C4000BFA41F /* Poppins-Italic.ttf */; };
		435DD3712AEF8C4000BFA41F /* Poppins-Bold.ttf in Resources */ = {isa = PBXBuildFile; fileRef = 435DD35E2AEF8C4000BFA41F /* Poppins-Bold.ttf */; };
		435DD3732AEF97FE00BFA41F /* HomePlacesList.swift in Sources */ = {isa = PBXBuildFile; fileRef = 435DD3722AEF97FE00BFA41F /* HomePlacesList.swift */; };
		436FD80B2AEBE63300EEA47F /* HomeUIVC.swift in Sources */ = {isa = PBXBuildFile; fileRef = 436FD80A2AEBE63300EEA47F /* HomeUIVC.swift */; };
		436FD80D2AEC0E1C00EEA47F /* CustomCollectionCell.swift in Sources */ = {isa = PBXBuildFile; fileRef = 436FD80C2AEC0E1C00EEA47F /* CustomCollectionCell.swift */; };
		43933F9D2AF0DB1100A1AF39 /* HeaderView.swift in Sources */ = {isa = PBXBuildFile; fileRef = 43933F9C2AF0DB1100A1AF39 /* HeaderView.swift */; };
		43933FA02AF16EEC00A1AF39 /* PlaceDetailsVC.swift in Sources */ = {isa = PBXBuildFile; fileRef = 43933F9F2AF16EEC00A1AF39 /* PlaceDetailsVC.swift */; };
		43933FA22AF23BB600A1AF39 /* CustomView.swift in Sources */ = {isa = PBXBuildFile; fileRef = 43933FA12AF23BB600A1AF39 /* CustomView.swift */; };
		43933FA62AF2690400A1AF39 /* PlaceDetailCollectionViewCell.swift in Sources */ = {isa = PBXBuildFile; fileRef = 43933FA52AF2690400A1AF39 /* PlaceDetailCollectionViewCell.swift */; };
		43B4DEF02ADC7A77000E4C18 /* InputBox.swift in Sources */ = {isa = PBXBuildFile; fileRef = 43B4DEEF2ADC7A77000E4C18 /* InputBox.swift */; };
		43DF6CF52ADC5B8D00DEDD3A /* AppDelegate.swift in Sources */ = {isa = PBXBuildFile; fileRef = 43DF6CF42ADC5B8D00DEDD3A /* AppDelegate.swift */; };
		43DF6CF72ADC5B8D00DEDD3A /* SceneDelegate.swift in Sources */ = {isa = PBXBuildFile; fileRef = 43DF6CF62ADC5B8D00DEDD3A /* SceneDelegate.swift */; };
		43DF6CF92ADC5B8D00DEDD3A /* LoginVc.swift in Sources */ = {isa = PBXBuildFile; fileRef = 43DF6CF82ADC5B8D00DEDD3A /* LoginVc.swift */; };
		43DF6CFE2ADC5B8E00DEDD3A /* Assets.xcassets in Resources */ = {isa = PBXBuildFile; fileRef = 43DF6CFD2ADC5B8E00DEDD3A /* Assets.xcassets */; };
		43DF6D012ADC5B8E00DEDD3A /* LaunchScreen.storyboard in Resources */ = {isa = PBXBuildFile; fileRef = 43DF6CFF2ADC5B8E00DEDD3A /* LaunchScreen.storyboard */; };
		43DF6D092ADC5BCD00DEDD3A /* Extensions.swift in Sources */ = {isa = PBXBuildFile; fileRef = 43DF6D082ADC5BCD00DEDD3A /* Extensions.swift */; };
		43DF6D0C2ADC5BE900DEDD3A /* TinyConstraints in Frameworks */ = {isa = PBXBuildFile; productRef = 43DF6D0B2ADC5BE900DEDD3A /* TinyConstraints */; };
		43DF6D0F2ADC5BF900DEDD3A /* SnapKit in Frameworks */ = {isa = PBXBuildFile; productRef = 43DF6D0E2ADC5BF900DEDD3A /* SnapKit */; };
		43DF6D112ADC5BF900DEDD3A /* SnapKit-Dynamic in Frameworks */ = {isa = PBXBuildFile; productRef = 43DF6D102ADC5BF900DEDD3A /* SnapKit-Dynamic */; };
/* End PBXBuildFile section */

/* Begin PBXFileReference section */
		3513FF0F2AEDA24E004550D0 /* Rectangle 1.png */ = {isa = PBXFileReference; lastKnownFileType = image.png; path = "Rectangle 1.png"; sourceTree = "<group>"; };
		3518A6A22AEBC6FF00357E9E /* MyVisits.swift */ = {isa = PBXFileReference; lastKnownFileType = sourcecode.swift; path = MyVisits.swift; sourceTree = "<group>"; };
		3518A6A42AEBC71B00357E9E /* MyVisitsCell.swift */ = {isa = PBXFileReference; lastKnownFileType = sourcecode.swift; path = MyVisitsCell.swift; sourceTree = "<group>"; };
		3518A6A62AEBC74000357E9E /* MyVisitsTableView.swift */ = {isa = PBXFileReference; lastKnownFileType = sourcecode.swift; path = MyVisitsTableView.swift; sourceTree = "<group>"; };
		3518A6A82AEBC75F00357E9E /* MyVisitsViewModel.swift */ = {isa = PBXFileReference; lastKnownFileType = sourcecode.swift; path = MyVisitsViewModel.swift; sourceTree = "<group>"; };
		3569A7662AE96486007E53B6 /* SignUpVC.swift */ = {isa = PBXFileReference; lastKnownFileType = sourcecode.swift; path = SignUpVC.swift; sourceTree = "<group>"; };
		359024672AEC10800060D6C9 /* Vector.svg */ = {isa = PBXFileReference; fileEncoding = 4; lastKnownFileType = text; path = Vector.svg; sourceTree = "<group>"; };
		35B2D1172AE990F200FD61EF /* Register.swift */ = {isa = PBXFileReference; lastKnownFileType = sourcecode.swift; path = Register.swift; sourceTree = "<group>"; };
		35B2D1192AE9911400FD61EF /* BaseResponse.swift */ = {isa = PBXFileReference; lastKnownFileType = sourcecode.swift; path = BaseResponse.swift; sourceTree = "<group>"; };
		35B2D11E2AEA4BF000FD61EF /* SignUpViewModel.swift */ = {isa = PBXFileReference; lastKnownFileType = sourcecode.swift; path = SignUpViewModel.swift; sourceTree = "<group>"; };
		4300A4002AEA4BE20011B846 /* UserToken.swift */ = {isa = PBXFileReference; lastKnownFileType = sourcecode.swift; path = UserToken.swift; sourceTree = "<group>"; };
		4354F28C2AE92CB80002D438 /* User.swift */ = {isa = PBXFileReference; lastKnownFileType = sourcecode.swift; path = User.swift; sourceTree = "<group>"; };
		4354F28E2AE92E0C0002D438 /* Router.swift */ = {isa = PBXFileReference; lastKnownFileType = sourcecode.swift; path = Router.swift; sourceTree = "<group>"; };
		4354F2902AE92E610002D438 /* NetworkingHelper.swift */ = {isa = PBXFileReference; lastKnownFileType = sourcecode.swift; path = NetworkingHelper.swift; sourceTree = "<group>"; };
		4354F2922AE92F9E0002D438 /* LoginViewModel.swift */ = {isa = PBXFileReference; lastKnownFileType = sourcecode.swift; path = LoginViewModel.swift; sourceTree = "<group>"; };
		435DD3462AEF817900BFA41F /* Visits.swift */ = {isa = PBXFileReference; lastKnownFileType = sourcecode.swift; path = Visits.swift; sourceTree = "<group>"; };
		435DD34C2AEF8C3F00BFA41F /* Poppins-ThinItalic.ttf */ = {isa = PBXFileReference; lastKnownFileType = file; path = "Poppins-ThinItalic.ttf"; sourceTree = "<group>"; };
		435DD34D2AEF8C3F00BFA41F /* Poppins-LightItalic.ttf */ = {isa = PBXFileReference; lastKnownFileType = file; path = "Poppins-LightItalic.ttf"; sourceTree = "<group>"; };
		435DD34E2AEF8C3F00BFA41F /* Poppins-ExtraLight.ttf */ = {isa = PBXFileReference; lastKnownFileType = file; path = "Poppins-ExtraLight.ttf"; sourceTree = "<group>"; };
		435DD34F2AEF8C3F00BFA41F /* Poppins-ExtraBoldItalic.ttf */ = {isa = PBXFileReference; lastKnownFileType = file; path = "Poppins-ExtraBoldItalic.ttf"; sourceTree = "<group>"; };
		435DD3502AEF8C3F00BFA41F /* Poppins-ExtraLightItalic.ttf */ = {isa = PBXFileReference; lastKnownFileType = file; path = "Poppins-ExtraLightItalic.ttf"; sourceTree = "<group>"; };
		435DD3512AEF8C4000BFA41F /* Poppins-BlackItalic.ttf */ = {isa = PBXFileReference; lastKnownFileType = file; path = "Poppins-BlackItalic.ttf"; sourceTree = "<group>"; };
		435DD3522AEF8C4000BFA41F /* Poppins-SemiBoldItalic.ttf */ = {isa = PBXFileReference; lastKnownFileType = file; path = "Poppins-SemiBoldItalic.ttf"; sourceTree = "<group>"; };
		435DD3532AEF8C4000BFA41F /* Poppins-Regular.ttf */ = {isa = PBXFileReference; lastKnownFileType = file; path = "Poppins-Regular.ttf"; sourceTree = "<group>"; };
		435DD3542AEF8C4000BFA41F /* Poppins-Black.ttf */ = {isa = PBXFileReference; lastKnownFileType = file; path = "Poppins-Black.ttf"; sourceTree = "<group>"; };
		435DD3552AEF8C4000BFA41F /* Poppins-Thin.ttf */ = {isa = PBXFileReference; lastKnownFileType = file; path = "Poppins-Thin.ttf"; sourceTree = "<group>"; };
		435DD3562AEF8C4000BFA41F /* Poppins-SemiBold.ttf */ = {isa = PBXFileReference; lastKnownFileType = file; path = "Poppins-SemiBold.ttf"; sourceTree = "<group>"; };
		435DD3572AEF8C4000BFA41F /* Poppins-Light.ttf */ = {isa = PBXFileReference; lastKnownFileType = file; path = "Poppins-Light.ttf"; sourceTree = "<group>"; };
		435DD3582AEF8C4000BFA41F /* OFL.txt */ = {isa = PBXFileReference; fileEncoding = 4; lastKnownFileType = text; path = OFL.txt; sourceTree = "<group>"; };
		435DD3592AEF8C4000BFA41F /* Poppins-BoldItalic.ttf */ = {isa = PBXFileReference; lastKnownFileType = file; path = "Poppins-BoldItalic.ttf"; sourceTree = "<group>"; };
		435DD35A2AEF8C4000BFA41F /* Poppins-Medium.ttf */ = {isa = PBXFileReference; lastKnownFileType = file; path = "Poppins-Medium.ttf"; sourceTree = "<group>"; };
		435DD35B2AEF8C4000BFA41F /* Poppins-ExtraBold.ttf */ = {isa = PBXFileReference; lastKnownFileType = file; path = "Poppins-ExtraBold.ttf"; sourceTree = "<group>"; };
		435DD35C2AEF8C4000BFA41F /* Poppins-MediumItalic.ttf */ = {isa = PBXFileReference; lastKnownFileType = file; path = "Poppins-MediumItalic.ttf"; sourceTree = "<group>"; };
		435DD35D2AEF8C4000BFA41F /* Poppins-Italic.ttf */ = {isa = PBXFileReference; lastKnownFileType = file; path = "Poppins-Italic.ttf"; sourceTree = "<group>"; };
		435DD35E2AEF8C4000BFA41F /* Poppins-Bold.ttf */ = {isa = PBXFileReference; lastKnownFileType = file; path = "Poppins-Bold.ttf"; sourceTree = "<group>"; };
		435DD3722AEF97FE00BFA41F /* HomePlacesList.swift */ = {isa = PBXFileReference; lastKnownFileType = sourcecode.swift; path = HomePlacesList.swift; sourceTree = "<group>"; };
		436FD80A2AEBE63300EEA47F /* HomeUIVC.swift */ = {isa = PBXFileReference; lastKnownFileType = sourcecode.swift; path = HomeUIVC.swift; sourceTree = "<group>"; };
		436FD80C2AEC0E1C00EEA47F /* CustomCollectionCell.swift */ = {isa = PBXFileReference; lastKnownFileType = sourcecode.swift; path = CustomCollectionCell.swift; sourceTree = "<group>"; };
		43933F9C2AF0DB1100A1AF39 /* HeaderView.swift */ = {isa = PBXFileReference; lastKnownFileType = sourcecode.swift; path = HeaderView.swift; sourceTree = "<group>"; };
		43933F9F2AF16EEC00A1AF39 /* PlaceDetailsVC.swift */ = {isa = PBXFileReference; lastKnownFileType = sourcecode.swift; path = PlaceDetailsVC.swift; sourceTree = "<group>"; };
		43933FA12AF23BB600A1AF39 /* CustomView.swift */ = {isa = PBXFileReference; lastKnownFileType = sourcecode.swift; path = CustomView.swift; sourceTree = "<group>"; };
		43933FA52AF2690400A1AF39 /* PlaceDetailCollectionViewCell.swift */ = {isa = PBXFileReference; lastKnownFileType = sourcecode.swift; path = PlaceDetailCollectionViewCell.swift; sourceTree = "<group>"; };
		43B4DEEF2ADC7A77000E4C18 /* InputBox.swift */ = {isa = PBXFileReference; lastKnownFileType = sourcecode.swift; path = InputBox.swift; sourceTree = "<group>"; };
		43DF6CF12ADC5B8D00DEDD3A /* travioapp.app */ = {isa = PBXFileReference; explicitFileType = wrapper.application; includeInIndex = 0; path = travioapp.app; sourceTree = BUILT_PRODUCTS_DIR; };
		43DF6CF42ADC5B8D00DEDD3A /* AppDelegate.swift */ = {isa = PBXFileReference; lastKnownFileType = sourcecode.swift; path = AppDelegate.swift; sourceTree = "<group>"; };
		43DF6CF62ADC5B8D00DEDD3A /* SceneDelegate.swift */ = {isa = PBXFileReference; lastKnownFileType = sourcecode.swift; path = SceneDelegate.swift; sourceTree = "<group>"; };
		43DF6CF82ADC5B8D00DEDD3A /* LoginVc.swift */ = {isa = PBXFileReference; lastKnownFileType = sourcecode.swift; path = LoginVc.swift; sourceTree = "<group>"; };
		43DF6CFD2ADC5B8E00DEDD3A /* Assets.xcassets */ = {isa = PBXFileReference; lastKnownFileType = folder.assetcatalog; path = Assets.xcassets; sourceTree = "<group>"; };
		43DF6D002ADC5B8E00DEDD3A /* Base */ = {isa = PBXFileReference; lastKnownFileType = file.storyboard; name = Base; path = Base.lproj/LaunchScreen.storyboard; sourceTree = "<group>"; };
		43DF6D022ADC5B8E00DEDD3A /* Info.plist */ = {isa = PBXFileReference; lastKnownFileType = text.plist.xml; path = Info.plist; sourceTree = "<group>"; };
		43DF6D082ADC5BCD00DEDD3A /* Extensions.swift */ = {isa = PBXFileReference; lastKnownFileType = sourcecode.swift; path = Extensions.swift; sourceTree = "<group>"; };
/* End PBXFileReference section */

/* Begin PBXFrameworksBuildPhase section */
		43DF6CEE2ADC5B8D00DEDD3A /* Frameworks */ = {
			isa = PBXFrameworksBuildPhase;
			buildActionMask = 2147483647;
			files = (
				43DF6D0C2ADC5BE900DEDD3A /* TinyConstraints in Frameworks */,
				4354F2882AE926E60002D438 /* Alamofire in Frameworks */,
				43DF6D0F2ADC5BF900DEDD3A /* SnapKit in Frameworks */,
				43DF6D112ADC5BF900DEDD3A /* SnapKit-Dynamic in Frameworks */,
			);
			runOnlyForDeploymentPostprocessing = 0;
		};
/* End PBXFrameworksBuildPhase section */

/* Begin PBXGroup section */
		3518A6A12AEBC6E100357E9E /* MyVisits */ = {
			isa = PBXGroup;
			children = (
				3518A6A42AEBC71B00357E9E /* MyVisitsCell.swift */,
				3518A6A62AEBC74000357E9E /* MyVisitsTableView.swift */,
			);
			path = MyVisits;
			sourceTree = "<group>";
		};
		3569A7652AE9644D007E53B6 /* SignUp */ = {
			isa = PBXGroup;
			children = (
				3569A7662AE96486007E53B6 /* SignUpVC.swift */,
			);
			path = SignUp;
			sourceTree = "<group>";
		};
		35B2D11B2AEA4B7200FD61EF /* ViewModel */ = {
			isa = PBXGroup;
			children = (
				4354F2922AE92F9E0002D438 /* LoginViewModel.swift */,
				35B2D11E2AEA4BF000FD61EF /* SignUpViewModel.swift */,
				3518A6A82AEBC75F00357E9E /* MyVisitsViewModel.swift */,
			);
			path = ViewModel;
			sourceTree = "<group>";
		};
		35EC86582AEAD23C005BDB9E /* Utils */ = {
			isa = PBXGroup;
			children = (
				43DF6D082ADC5BCD00DEDD3A /* Extensions.swift */,
			);
			path = Utils;
			sourceTree = "<group>";
		};
		4335A09E2AE91210003C53D5 /* Screens */ = {
			isa = PBXGroup;
			children = (
				43933F9E2AF16EC800A1AF39 /* HomeDetails */,
				436FD8092AEBE61C00EEA47F /* Home */,
				3518A6A12AEBC6E100357E9E /* MyVisits */,
				3569A7652AE9644D007E53B6 /* SignUp */,
				4354F2892AE9293B0002D438 /* Login */,
			);
			path = Screens;
			sourceTree = "<group>";
		};
		4354F2892AE9293B0002D438 /* Login */ = {
			isa = PBXGroup;
			children = (
				43B4DEEF2ADC7A77000E4C18 /* InputBox.swift */,
				43DF6CF82ADC5B8D00DEDD3A /* LoginVc.swift */,
			);
			path = Login;
			sourceTree = "<group>";
		};
		4354F28A2AE92C160002D438 /* Networking */ = {
			isa = PBXGroup;
			children = (
				4354F2902AE92E610002D438 /* NetworkingHelper.swift */,
				4354F28E2AE92E0C0002D438 /* Router.swift */,
			);
			path = Networking;
			sourceTree = "<group>";
		};
		4354F28B2AE92CAD0002D438 /* Model */ = {
			isa = PBXGroup;
			children = (
				4354F28C2AE92CB80002D438 /* User.swift */,
				4300A4002AEA4BE20011B846 /* UserToken.swift */,
				435DD3462AEF817900BFA41F /* Visits.swift */,
				35B2D1172AE990F200FD61EF /* Register.swift */,
				35B2D1192AE9911400FD61EF /* BaseResponse.swift */,
				3518A6A22AEBC6FF00357E9E /* MyVisits.swift */,
				435DD3722AEF97FE00BFA41F /* HomePlacesList.swift */,
			);
			path = Model;
			sourceTree = "<group>";
		};
		435DD34B2AEF8C1C00BFA41F /* Poppins */ = {
			isa = PBXGroup;
			children = (
				435DD3582AEF8C4000BFA41F /* OFL.txt */,
				435DD3542AEF8C4000BFA41F /* Poppins-Black.ttf */,
				435DD3512AEF8C4000BFA41F /* Poppins-BlackItalic.ttf */,
				435DD35E2AEF8C4000BFA41F /* Poppins-Bold.ttf */,
				435DD3592AEF8C4000BFA41F /* Poppins-BoldItalic.ttf */,
				435DD35B2AEF8C4000BFA41F /* Poppins-ExtraBold.ttf */,
				435DD34F2AEF8C3F00BFA41F /* Poppins-ExtraBoldItalic.ttf */,
				435DD34E2AEF8C3F00BFA41F /* Poppins-ExtraLight.ttf */,
				435DD3502AEF8C3F00BFA41F /* Poppins-ExtraLightItalic.ttf */,
				435DD35D2AEF8C4000BFA41F /* Poppins-Italic.ttf */,
				435DD3572AEF8C4000BFA41F /* Poppins-Light.ttf */,
				435DD34D2AEF8C3F00BFA41F /* Poppins-LightItalic.ttf */,
				435DD35A2AEF8C4000BFA41F /* Poppins-Medium.ttf */,
				435DD35C2AEF8C4000BFA41F /* Poppins-MediumItalic.ttf */,
				435DD3532AEF8C4000BFA41F /* Poppins-Regular.ttf */,
				435DD3562AEF8C4000BFA41F /* Poppins-SemiBold.ttf */,
				435DD3522AEF8C4000BFA41F /* Poppins-SemiBoldItalic.ttf */,
				435DD3552AEF8C4000BFA41F /* Poppins-Thin.ttf */,
				435DD34C2AEF8C3F00BFA41F /* Poppins-ThinItalic.ttf */,
			);
			path = Poppins;
			sourceTree = "<group>";
		};
		436FD8092AEBE61C00EEA47F /* Home */ = {
			isa = PBXGroup;
			children = (
				436FD80A2AEBE63300EEA47F /* HomeUIVC.swift */,
				436FD80C2AEC0E1C00EEA47F /* CustomCollectionCell.swift */,
				43933F9C2AF0DB1100A1AF39 /* HeaderView.swift */,
			);
			path = Home;
			sourceTree = "<group>";
		};
		43933F9E2AF16EC800A1AF39 /* HomeDetails */ = {
			isa = PBXGroup;
			children = (
				43933F9F2AF16EEC00A1AF39 /* PlaceDetailsVC.swift */,
				43933FA12AF23BB600A1AF39 /* CustomView.swift */,
				43933FA52AF2690400A1AF39 /* PlaceDetailCollectionViewCell.swift */,
			);
			path = HomeDetails;
			sourceTree = "<group>";
		};
		43DF6CE82ADC5B8D00DEDD3A = {
			isa = PBXGroup;
			children = (
				43DF6CF32ADC5B8D00DEDD3A /* travioapp */,
				43DF6CF22ADC5B8D00DEDD3A /* Products */,
			);
			sourceTree = "<group>";
		};
		43DF6CF22ADC5B8D00DEDD3A /* Products */ = {
			isa = PBXGroup;
			children = (
				43DF6CF12ADC5B8D00DEDD3A /* travioapp.app */,
			);
			name = Products;
			sourceTree = "<group>";
		};
		43DF6CF32ADC5B8D00DEDD3A /* travioapp */ = {
			isa = PBXGroup;
			children = (
				435DD34B2AEF8C1C00BFA41F /* Poppins */,
				35EC86582AEAD23C005BDB9E /* Utils */,
				35B2D11B2AEA4B7200FD61EF /* ViewModel */,
				4354F28B2AE92CAD0002D438 /* Model */,
				4354F28A2AE92C160002D438 /* Networking */,
				4335A09E2AE91210003C53D5 /* Screens */,
				43DF6CFF2ADC5B8E00DEDD3A /* LaunchScreen.storyboard */,
				43DF6D022ADC5B8E00DEDD3A /* Info.plist */,
				43DF6CFD2ADC5B8E00DEDD3A /* Assets.xcassets */,
				3513FF0F2AEDA24E004550D0 /* Rectangle 1.png */,
				359024672AEC10800060D6C9 /* Vector.svg */,
				43DF6CF62ADC5B8D00DEDD3A /* SceneDelegate.swift */,
				43DF6CF42ADC5B8D00DEDD3A /* AppDelegate.swift */,
			);
			path = travioapp;
			sourceTree = "<group>";
		};
/* End PBXGroup section */

/* Begin PBXNativeTarget section */
		43DF6CF02ADC5B8D00DEDD3A /* travioapp */ = {
			isa = PBXNativeTarget;
			buildConfigurationList = 43DF6D052ADC5B8E00DEDD3A /* Build configuration list for PBXNativeTarget "travioapp" */;
			buildPhases = (
				43DF6CED2ADC5B8D00DEDD3A /* Sources */,
				43DF6CEE2ADC5B8D00DEDD3A /* Frameworks */,
				43DF6CEF2ADC5B8D00DEDD3A /* Resources */,
			);
			buildRules = (
			);
			dependencies = (
			);
			name = travioapp;
			packageProductDependencies = (
				43DF6D0B2ADC5BE900DEDD3A /* TinyConstraints */,
				43DF6D0E2ADC5BF900DEDD3A /* SnapKit */,
				43DF6D102ADC5BF900DEDD3A /* SnapKit-Dynamic */,
				4354F2872AE926E60002D438 /* Alamofire */,
			);
			productName = travioapp;
			productReference = 43DF6CF12ADC5B8D00DEDD3A /* travioapp.app */;
			productType = "com.apple.product-type.application";
		};
/* End PBXNativeTarget section */

/* Begin PBXProject section */
		43DF6CE92ADC5B8D00DEDD3A /* Project object */ = {
			isa = PBXProject;
			attributes = {
				BuildIndependentTargetsInParallel = 1;
				LastSwiftUpdateCheck = 1500;
				LastUpgradeCheck = 1500;
				TargetAttributes = {
					43DF6CF02ADC5B8D00DEDD3A = {
						CreatedOnToolsVersion = 15.0;
					};
				};
			};
			buildConfigurationList = 43DF6CEC2ADC5B8D00DEDD3A /* Build configuration list for PBXProject "travioapp" */;
			compatibilityVersion = "Xcode 14.0";
			developmentRegion = en;
			hasScannedForEncodings = 0;
			knownRegions = (
				en,
				Base,
			);
			mainGroup = 43DF6CE82ADC5B8D00DEDD3A;
			packageReferences = (
				43DF6D0A2ADC5BE900DEDD3A /* XCRemoteSwiftPackageReference "TinyConstraints" */,
				43DF6D0D2ADC5BF900DEDD3A /* XCRemoteSwiftPackageReference "SnapKit" */,
				4354F2862AE926E60002D438 /* XCRemoteSwiftPackageReference "Alamofire" */,
			);
			productRefGroup = 43DF6CF22ADC5B8D00DEDD3A /* Products */;
			projectDirPath = "";
			projectRoot = "";
			targets = (
				43DF6CF02ADC5B8D00DEDD3A /* travioapp */,
			);
		};
/* End PBXProject section */

/* Begin PBXResourcesBuildPhase section */
		43DF6CEF2ADC5B8D00DEDD3A /* Resources */ = {
			isa = PBXResourcesBuildPhase;
			buildActionMask = 2147483647;
			files = (
				435DD36B2AEF8C4000BFA41F /* OFL.txt in Resources */,
				435DD3692AEF8C4000BFA41F /* Poppins-SemiBold.ttf in Resources */,
				435DD3652AEF8C4000BFA41F /* Poppins-SemiBoldItalic.ttf in Resources */,
				435DD3682AEF8C4000BFA41F /* Poppins-Thin.ttf in Resources */,
				435DD3622AEF8C4000BFA41F /* Poppins-ExtraBoldItalic.ttf in Resources */,
				43DF6D012ADC5B8E00DEDD3A /* LaunchScreen.storyboard in Resources */,
				435DD3672AEF8C4000BFA41F /* Poppins-Black.ttf in Resources */,
				435DD3662AEF8C4000BFA41F /* Poppins-Regular.ttf in Resources */,
				435DD3642AEF8C4000BFA41F /* Poppins-BlackItalic.ttf in Resources */,
				435DD36C2AEF8C4000BFA41F /* Poppins-BoldItalic.ttf in Resources */,
				435DD3602AEF8C4000BFA41F /* Poppins-LightItalic.ttf in Resources */,
				435DD3632AEF8C4000BFA41F /* Poppins-ExtraLightItalic.ttf in Resources */,
				3513FF102AEDA24E004550D0 /* Rectangle 1.png in Resources */,
				435DD36A2AEF8C4000BFA41F /* Poppins-Light.ttf in Resources */,
				435DD3712AEF8C4000BFA41F /* Poppins-Bold.ttf in Resources */,
				435DD36D2AEF8C4000BFA41F /* Poppins-Medium.ttf in Resources */,
				435DD35F2AEF8C4000BFA41F /* Poppins-ThinItalic.ttf in Resources */,
				435DD36E2AEF8C4000BFA41F /* Poppins-ExtraBold.ttf in Resources */,
				359024682AEC10800060D6C9 /* Vector.svg in Resources */,
				435DD3702AEF8C4000BFA41F /* Poppins-Italic.ttf in Resources */,
				43DF6CFE2ADC5B8E00DEDD3A /* Assets.xcassets in Resources */,
				435DD36F2AEF8C4000BFA41F /* Poppins-MediumItalic.ttf in Resources */,
				435DD3612AEF8C4000BFA41F /* Poppins-ExtraLight.ttf in Resources */,
			);
			runOnlyForDeploymentPostprocessing = 0;
		};
/* End PBXResourcesBuildPhase section */

/* Begin PBXSourcesBuildPhase section */
		43DF6CED2ADC5B8D00DEDD3A /* Sources */ = {
			isa = PBXSourcesBuildPhase;
			buildActionMask = 2147483647;
			files = (
				4354F2912AE92E610002D438 /* NetworkingHelper.swift in Sources */,
				43DF6CF92ADC5B8D00DEDD3A /* LoginVc.swift in Sources */,
				43DF6CF52ADC5B8D00DEDD3A /* AppDelegate.swift in Sources */,
				3569A7672AE96486007E53B6 /* SignUpVC.swift in Sources */,
				435DD3732AEF97FE00BFA41F /* HomePlacesList.swift in Sources */,
				436FD80B2AEBE63300EEA47F /* HomeUIVC.swift in Sources */,
				3569A7672AE96486007E53B6 /* SignUpVC.swift in Sources */,
				3518A6A92AEBC75F00357E9E /* MyVisitsViewModel.swift in Sources */,
				3518A6A32AEBC6FF00357E9E /* MyVisits.swift in Sources */,
				3518A6A52AEBC71B00357E9E /* MyVisitsCell.swift in Sources */,
				43DF6CF72ADC5B8D00DEDD3A /* SceneDelegate.swift in Sources */,
				436FD80D2AEC0E1C00EEA47F /* CustomCollectionCell.swift in Sources */,
				43DF6D092ADC5BCD00DEDD3A /* Extensions.swift in Sources */,
				43933FA62AF2690400A1AF39 /* PlaceDetailCollectionViewCell.swift in Sources */,
				35B2D11F2AEA4BF000FD61EF /* SignUpViewModel.swift in Sources */,
				35B2D1182AE990F200FD61EF /* Register.swift in Sources */,
				43933FA02AF16EEC00A1AF39 /* PlaceDetailsVC.swift in Sources */,
				43B4DEF02ADC7A77000E4C18 /* InputBox.swift in Sources */,
				435DD3472AEF817900BFA41F /* Visits.swift in Sources */,
				4354F28F2AE92E0C0002D438 /* Router.swift in Sources */,
				3518A6A72AEBC74000357E9E /* MyVisitsTableView.swift in Sources */,
				4354F28F2AE92E0C0002D438 /* Router.swift in Sources */,
				43933FA22AF23BB600A1AF39 /* CustomView.swift in Sources */,
				4354F2932AE92F9E0002D438 /* LoginViewModel.swift in Sources */,
				4300A4012AEA4BE20011B846 /* UserToken.swift in Sources */,
				4354F28D2AE92CB80002D438 /* User.swift in Sources */,
				35B2D11A2AE9911400FD61EF /* BaseResponse.swift in Sources */,
				43933F9D2AF0DB1100A1AF39 /* HeaderView.swift in Sources */,
			);
			runOnlyForDeploymentPostprocessing = 0;
		};
/* End PBXSourcesBuildPhase section */

/* Begin PBXVariantGroup section */
		43DF6CFF2ADC5B8E00DEDD3A /* LaunchScreen.storyboard */ = {
			isa = PBXVariantGroup;
			children = (
				43DF6D002ADC5B8E00DEDD3A /* Base */,
			);
			name = LaunchScreen.storyboard;
			sourceTree = "<group>";
		};
/* End PBXVariantGroup section */

/* Begin XCBuildConfiguration section */
		43DF6D032ADC5B8E00DEDD3A /* Debug */ = {
			isa = XCBuildConfiguration;
			buildSettings = {
				ALWAYS_SEARCH_USER_PATHS = NO;
				ASSETCATALOG_COMPILER_GENERATE_SWIFT_ASSET_SYMBOL_EXTENSIONS = YES;
				CLANG_ANALYZER_NONNULL = YES;
				CLANG_ANALYZER_NUMBER_OBJECT_CONVERSION = YES_AGGRESSIVE;
				CLANG_CXX_LANGUAGE_STANDARD = "gnu++20";
				CLANG_ENABLE_MODULES = YES;
				CLANG_ENABLE_OBJC_ARC = YES;
				CLANG_ENABLE_OBJC_WEAK = YES;
				CLANG_WARN_BLOCK_CAPTURE_AUTORELEASING = YES;
				CLANG_WARN_BOOL_CONVERSION = YES;
				CLANG_WARN_COMMA = YES;
				CLANG_WARN_CONSTANT_CONVERSION = YES;
				CLANG_WARN_DEPRECATED_OBJC_IMPLEMENTATIONS = YES;
				CLANG_WARN_DIRECT_OBJC_ISA_USAGE = YES_ERROR;
				CLANG_WARN_DOCUMENTATION_COMMENTS = YES;
				CLANG_WARN_EMPTY_BODY = YES;
				CLANG_WARN_ENUM_CONVERSION = YES;
				CLANG_WARN_INFINITE_RECURSION = YES;
				CLANG_WARN_INT_CONVERSION = YES;
				CLANG_WARN_NON_LITERAL_NULL_CONVERSION = YES;
				CLANG_WARN_OBJC_IMPLICIT_RETAIN_SELF = YES;
				CLANG_WARN_OBJC_LITERAL_CONVERSION = YES;
				CLANG_WARN_OBJC_ROOT_CLASS = YES_ERROR;
				CLANG_WARN_QUOTED_INCLUDE_IN_FRAMEWORK_HEADER = YES;
				CLANG_WARN_RANGE_LOOP_ANALYSIS = YES;
				CLANG_WARN_STRICT_PROTOTYPES = YES;
				CLANG_WARN_SUSPICIOUS_MOVE = YES;
				CLANG_WARN_UNGUARDED_AVAILABILITY = YES_AGGRESSIVE;
				CLANG_WARN_UNREACHABLE_CODE = YES;
				CLANG_WARN__DUPLICATE_METHOD_MATCH = YES;
				COPY_PHASE_STRIP = NO;
				DEBUG_INFORMATION_FORMAT = dwarf;
				ENABLE_STRICT_OBJC_MSGSEND = YES;
				ENABLE_TESTABILITY = YES;
				ENABLE_USER_SCRIPT_SANDBOXING = YES;
				GCC_C_LANGUAGE_STANDARD = gnu17;
				GCC_DYNAMIC_NO_PIC = NO;
				GCC_NO_COMMON_BLOCKS = YES;
				GCC_OPTIMIZATION_LEVEL = 0;
				GCC_PREPROCESSOR_DEFINITIONS = (
					"DEBUG=1",
					"$(inherited)",
				);
				GCC_WARN_64_TO_32_BIT_CONVERSION = YES;
				GCC_WARN_ABOUT_RETURN_TYPE = YES_ERROR;
				GCC_WARN_UNDECLARED_SELECTOR = YES;
				GCC_WARN_UNINITIALIZED_AUTOS = YES_AGGRESSIVE;
				GCC_WARN_UNUSED_FUNCTION = YES;
				GCC_WARN_UNUSED_VARIABLE = YES;
				IPHONEOS_DEPLOYMENT_TARGET = 17.0;
				LOCALIZATION_PREFERS_STRING_CATALOGS = YES;
				MTL_ENABLE_DEBUG_INFO = INCLUDE_SOURCE;
				MTL_FAST_MATH = YES;
				ONLY_ACTIVE_ARCH = YES;
				SDKROOT = iphoneos;
				SWIFT_ACTIVE_COMPILATION_CONDITIONS = "DEBUG $(inherited)";
				SWIFT_OPTIMIZATION_LEVEL = "-Onone";
			};
			name = Debug;
		};
		43DF6D042ADC5B8E00DEDD3A /* Release */ = {
			isa = XCBuildConfiguration;
			buildSettings = {
				ALWAYS_SEARCH_USER_PATHS = NO;
				ASSETCATALOG_COMPILER_GENERATE_SWIFT_ASSET_SYMBOL_EXTENSIONS = YES;
				CLANG_ANALYZER_NONNULL = YES;
				CLANG_ANALYZER_NUMBER_OBJECT_CONVERSION = YES_AGGRESSIVE;
				CLANG_CXX_LANGUAGE_STANDARD = "gnu++20";
				CLANG_ENABLE_MODULES = YES;
				CLANG_ENABLE_OBJC_ARC = YES;
				CLANG_ENABLE_OBJC_WEAK = YES;
				CLANG_WARN_BLOCK_CAPTURE_AUTORELEASING = YES;
				CLANG_WARN_BOOL_CONVERSION = YES;
				CLANG_WARN_COMMA = YES;
				CLANG_WARN_CONSTANT_CONVERSION = YES;
				CLANG_WARN_DEPRECATED_OBJC_IMPLEMENTATIONS = YES;
				CLANG_WARN_DIRECT_OBJC_ISA_USAGE = YES_ERROR;
				CLANG_WARN_DOCUMENTATION_COMMENTS = YES;
				CLANG_WARN_EMPTY_BODY = YES;
				CLANG_WARN_ENUM_CONVERSION = YES;
				CLANG_WARN_INFINITE_RECURSION = YES;
				CLANG_WARN_INT_CONVERSION = YES;
				CLANG_WARN_NON_LITERAL_NULL_CONVERSION = YES;
				CLANG_WARN_OBJC_IMPLICIT_RETAIN_SELF = YES;
				CLANG_WARN_OBJC_LITERAL_CONVERSION = YES;
				CLANG_WARN_OBJC_ROOT_CLASS = YES_ERROR;
				CLANG_WARN_QUOTED_INCLUDE_IN_FRAMEWORK_HEADER = YES;
				CLANG_WARN_RANGE_LOOP_ANALYSIS = YES;
				CLANG_WARN_STRICT_PROTOTYPES = YES;
				CLANG_WARN_SUSPICIOUS_MOVE = YES;
				CLANG_WARN_UNGUARDED_AVAILABILITY = YES_AGGRESSIVE;
				CLANG_WARN_UNREACHABLE_CODE = YES;
				CLANG_WARN__DUPLICATE_METHOD_MATCH = YES;
				COPY_PHASE_STRIP = NO;
				DEBUG_INFORMATION_FORMAT = "dwarf-with-dsym";
				ENABLE_NS_ASSERTIONS = NO;
				ENABLE_STRICT_OBJC_MSGSEND = YES;
				ENABLE_USER_SCRIPT_SANDBOXING = YES;
				GCC_C_LANGUAGE_STANDARD = gnu17;
				GCC_NO_COMMON_BLOCKS = YES;
				GCC_WARN_64_TO_32_BIT_CONVERSION = YES;
				GCC_WARN_ABOUT_RETURN_TYPE = YES_ERROR;
				GCC_WARN_UNDECLARED_SELECTOR = YES;
				GCC_WARN_UNINITIALIZED_AUTOS = YES_AGGRESSIVE;
				GCC_WARN_UNUSED_FUNCTION = YES;
				GCC_WARN_UNUSED_VARIABLE = YES;
				IPHONEOS_DEPLOYMENT_TARGET = 17.0;
				LOCALIZATION_PREFERS_STRING_CATALOGS = YES;
				MTL_ENABLE_DEBUG_INFO = NO;
				MTL_FAST_MATH = YES;
				SDKROOT = iphoneos;
				SWIFT_COMPILATION_MODE = wholemodule;
				VALIDATE_PRODUCT = YES;
			};
			name = Release;
		};
		43DF6D062ADC5B8E00DEDD3A /* Debug */ = {
			isa = XCBuildConfiguration;
			buildSettings = {
				ASSETCATALOG_COMPILER_APPICON_NAME = AppIcon;
				ASSETCATALOG_COMPILER_GLOBAL_ACCENT_COLOR_NAME = AccentColor;
				CODE_SIGN_STYLE = Automatic;
				CURRENT_PROJECT_VERSION = 1;
				DEVELOPMENT_TEAM = 8VWYJSRAFX;
				GENERATE_INFOPLIST_FILE = YES;
				INFOPLIST_FILE = travioapp/Info.plist;
				INFOPLIST_KEY_LSApplicationCategoryType = "";
				INFOPLIST_KEY_UIApplicationSupportsIndirectInputEvents = YES;
				INFOPLIST_KEY_UILaunchStoryboardName = LaunchScreen;
				INFOPLIST_KEY_UISupportedInterfaceOrientations_iPad = "UIInterfaceOrientationPortrait UIInterfaceOrientationPortraitUpsideDown UIInterfaceOrientationLandscapeLeft UIInterfaceOrientationLandscapeRight";
				INFOPLIST_KEY_UISupportedInterfaceOrientations_iPhone = "UIInterfaceOrientationPortrait UIInterfaceOrientationLandscapeLeft UIInterfaceOrientationLandscapeRight";
				LD_RUNPATH_SEARCH_PATHS = (
					"$(inherited)",
					"@executable_path/Frameworks",
				);
				MARKETING_VERSION = 1.0;
				PRODUCT_BUNDLE_IDENTIFIER = com.bilgeadam.travioapp;
				PRODUCT_NAME = "$(TARGET_NAME)";
				SWIFT_EMIT_LOC_STRINGS = YES;
				SWIFT_VERSION = 5.0;
				TARGETED_DEVICE_FAMILY = "1,2";
			};
			name = Debug;
		};
		43DF6D072ADC5B8E00DEDD3A /* Release */ = {
			isa = XCBuildConfiguration;
			buildSettings = {
				ASSETCATALOG_COMPILER_APPICON_NAME = AppIcon;
				ASSETCATALOG_COMPILER_GLOBAL_ACCENT_COLOR_NAME = AccentColor;
				CODE_SIGN_STYLE = Automatic;
				CURRENT_PROJECT_VERSION = 1;
				DEVELOPMENT_TEAM = 8VWYJSRAFX;
				GENERATE_INFOPLIST_FILE = YES;
				INFOPLIST_FILE = travioapp/Info.plist;
				INFOPLIST_KEY_LSApplicationCategoryType = "";
				INFOPLIST_KEY_UIApplicationSupportsIndirectInputEvents = YES;
				INFOPLIST_KEY_UILaunchStoryboardName = LaunchScreen;
				INFOPLIST_KEY_UISupportedInterfaceOrientations_iPad = "UIInterfaceOrientationPortrait UIInterfaceOrientationPortraitUpsideDown UIInterfaceOrientationLandscapeLeft UIInterfaceOrientationLandscapeRight";
				INFOPLIST_KEY_UISupportedInterfaceOrientations_iPhone = "UIInterfaceOrientationPortrait UIInterfaceOrientationLandscapeLeft UIInterfaceOrientationLandscapeRight";
				LD_RUNPATH_SEARCH_PATHS = (
					"$(inherited)",
					"@executable_path/Frameworks",
				);
				MARKETING_VERSION = 1.0;
				PRODUCT_BUNDLE_IDENTIFIER = com.bilgeadam.travioapp;
				PRODUCT_NAME = "$(TARGET_NAME)";
				SWIFT_EMIT_LOC_STRINGS = YES;
				SWIFT_VERSION = 5.0;
				TARGETED_DEVICE_FAMILY = "1,2";
			};
			name = Release;
		};
/* End XCBuildConfiguration section */

/* Begin XCConfigurationList section */
		43DF6CEC2ADC5B8D00DEDD3A /* Build configuration list for PBXProject "travioapp" */ = {
			isa = XCConfigurationList;
			buildConfigurations = (
				43DF6D032ADC5B8E00DEDD3A /* Debug */,
				43DF6D042ADC5B8E00DEDD3A /* Release */,
			);
			defaultConfigurationIsVisible = 0;
			defaultConfigurationName = Release;
		};
		43DF6D052ADC5B8E00DEDD3A /* Build configuration list for PBXNativeTarget "travioapp" */ = {
			isa = XCConfigurationList;
			buildConfigurations = (
				43DF6D062ADC5B8E00DEDD3A /* Debug */,
				43DF6D072ADC5B8E00DEDD3A /* Release */,
			);
			defaultConfigurationIsVisible = 0;
			defaultConfigurationName = Release;
		};
/* End XCConfigurationList section */

/* Begin XCRemoteSwiftPackageReference section */
		4354F2862AE926E60002D438 /* XCRemoteSwiftPackageReference "Alamofire" */ = {
			isa = XCRemoteSwiftPackageReference;
			repositoryURL = "https://github.com/Alamofire/Alamofire.git";
			requirement = {
				kind = upToNextMajorVersion;
				minimumVersion = 5.8.0;
			};
		};
		43DF6D0A2ADC5BE900DEDD3A /* XCRemoteSwiftPackageReference "TinyConstraints" */ = {
			isa = XCRemoteSwiftPackageReference;
			repositoryURL = "https://github.com/roberthein/TinyConstraints.git";
			requirement = {
				kind = upToNextMajorVersion;
				minimumVersion = 4.0.2;
			};
		};
		43DF6D0D2ADC5BF900DEDD3A /* XCRemoteSwiftPackageReference "SnapKit" */ = {
			isa = XCRemoteSwiftPackageReference;
			repositoryURL = "https://github.com/SnapKit/SnapKit.git";
			requirement = {
				kind = upToNextMajorVersion;
				minimumVersion = 5.6.0;
			};
		};
/* End XCRemoteSwiftPackageReference section */

/* Begin XCSwiftPackageProductDependency section */
		4354F2872AE926E60002D438 /* Alamofire */ = {
			isa = XCSwiftPackageProductDependency;
			package = 4354F2862AE926E60002D438 /* XCRemoteSwiftPackageReference "Alamofire" */;
			productName = Alamofire;
		};
		43DF6D0B2ADC5BE900DEDD3A /* TinyConstraints */ = {
			isa = XCSwiftPackageProductDependency;
			package = 43DF6D0A2ADC5BE900DEDD3A /* XCRemoteSwiftPackageReference "TinyConstraints" */;
			productName = TinyConstraints;
		};
		43DF6D0E2ADC5BF900DEDD3A /* SnapKit */ = {
			isa = XCSwiftPackageProductDependency;
			package = 43DF6D0D2ADC5BF900DEDD3A /* XCRemoteSwiftPackageReference "SnapKit" */;
			productName = SnapKit;
		};
		43DF6D102ADC5BF900DEDD3A /* SnapKit-Dynamic */ = {
			isa = XCSwiftPackageProductDependency;
			package = 43DF6D0D2ADC5BF900DEDD3A /* XCRemoteSwiftPackageReference "SnapKit" */;
			productName = "SnapKit-Dynamic";
		};
/* End XCSwiftPackageProductDependency section */
	};
	rootObject = 43DF6CE92ADC5B8D00DEDD3A /* Project object */;
}
